// !$*UTF8*$!
{
	archiveVersion = 1;
	classes = {
	};
	objectVersion = 46;
	objects = {

/* Begin PBXBuildFile section */
		46BB8FB41E248D03006ADBEE /* AppDelegate.swift in Sources */ = {isa = PBXBuildFile; fileRef = 46BB8FB31E248D03006ADBEE /* AppDelegate.swift */; };
		46BB8FB61E248D03006ADBEE /* ViewController.swift in Sources */ = {isa = PBXBuildFile; fileRef = 46BB8FB51E248D03006ADBEE /* ViewController.swift */; };
		46BB8FB91E248D03006ADBEE /* Main.storyboard in Resources */ = {isa = PBXBuildFile; fileRef = 46BB8FB71E248D03006ADBEE /* Main.storyboard */; };
		46BB8FBB1E248D03006ADBEE /* Assets.xcassets in Resources */ = {isa = PBXBuildFile; fileRef = 46BB8FBA1E248D03006ADBEE /* Assets.xcassets */; };
		46BB8FBE1E248D03006ADBEE /* LaunchScreen.storyboard in Resources */ = {isa = PBXBuildFile; fileRef = 46BB8FBC1E248D03006ADBEE /* LaunchScreen.storyboard */; };
/* End PBXBuildFile section */

/* Begin PBXFileReference section */
		46BB8FB01E248D03006ADBEE /* HelloWorld.app */ = {isa = PBXFileReference; explicitFileType = wrapper.application; includeInIndex = 0; path = HelloWorld.app; sourceTree = BUILT_PRODUCTS_DIR; };
		46BB8FB31E248D03006ADBEE /* AppDelegate.swift */ = {isa = PBXFileReference; lastKnownFileType = sourcecode.swift; path = AppDelegate.swift; sourceTree = "<group>"; };
		46BB8FB51E248D03006ADBEE /* ViewController.swift */ = {isa = PBXFileReference; lastKnownFileType = sourcecode.swift; path = ViewController.swift; sourceTree = "<group>"; };
		46BB8FB81E248D03006ADBEE /* Base */ = {isa = PBXFileReference; lastKnownFileType = file.storyboard; name = Base; path = Base.lproj/Main.storyboard; sourceTree = "<group>"; };
		46BB8FBA1E248D03006ADBEE /* Assets.xcassets */ = {isa = PBXFileReference; lastKnownFileType = folder.assetcatalog; path = Assets.xcassets; sourceTree = "<group>"; };
		46BB8FBD1E248D03006ADBEE /* Base */ = {isa = PBXFileReference; lastKnownFileType = file.storyboard; name = Base; path = Base.lproj/LaunchScreen.storyboard; sourceTree = "<group>"; };
		46BB8FBF1E248D03006ADBEE /* Info.plist */ = {isa = PBXFileReference; lastKnownFileType = text.plist.xml; path = Info.plist; sourceTree = "<group>"; };
/* End PBXFileReference section */

/* Begin PBXFrameworksBuildPhase section */
		46BB8FAD1E248D03006ADBEE /* Frameworks */ = {
			isa = PBXFrameworksBuildPhase;
			buildActionMask = 2147483647;
			files = (
			);
			runOnlyForDeploymentPostprocessing = 0;
		};
/* End PBXFrameworksBuildPhase section */

/* Begin PBXGroup section */
		46BB8FA71E248D02006ADBEE = {
			isa = PBXGroup;
			children = (
				46BB8FB21E248D03006ADBEE /* HelloWorld */,
				46BB8FB11E248D03006ADBEE /* Products */,
			);
			sourceTree = "<group>";
		};
		46BB8FB11E248D03006ADBEE /* Products */ = {
			isa = PBXGroup;
			children = (
				46BB8FB01E248D03006ADBEE /* HelloWorld.app */,
			);
			name = Products;
			sourceTree = "<group>";
		};
		46BB8FB21E248D03006ADBEE /* HelloWorld */ = {
			isa = PBXGroup;
			children = (
				46BB8FB31E248D03006ADBEE /* AppDelegate.swift */,
				46BB8FB51E248D03006ADBEE /* ViewController.swift */,
				46BB8FB71E248D03006ADBEE /* Main.storyboard */,
				46BB8FBA1E248D03006ADBEE /* Assets.xcassets */,
				46BB8FBC1E248D03006ADBEE /* LaunchScreen.storyboard */,
				46BB8FBF1E248D03006ADBEE /* Info.plist */,
			);
			path = HelloWorld;
			sourceTree = "<group>";
		};
/* End PBXGroup section */

/* Begin PBXNativeTarget section */
		46BB8FAF1E248D03006ADBEE /* HelloWorld */ = {
			isa = PBXNativeTarget;
			buildConfigurationList = 46BB8FC21E248D03006ADBEE /* Build configuration list for PBXNativeTarget "HelloWorld" */;
			buildPhases = (
				46BB8FAC1E248D03006ADBEE /* Sources */,
				46BB8FAD1E248D03006ADBEE /* Frameworks */,
				46BB8FAE1E248D03006ADBEE /* Resources */,
			);
			buildRules = (
			);
			dependencies = (
			);
			name = HelloWorld;
			productName = HelloWorld;
			productReference = 46BB8FB01E248D03006ADBEE /* HelloWorld.app */;
			productType = "com.apple.product-type.application";
		};
/* End PBXNativeTarget section */

/* Begin PBXProject section */
		46BB8FA81E248D02006ADBEE /* Project object */ = {
			isa = PBXProject;
			attributes = {
				LastSwiftUpdateCheck = 0730;
				LastUpgradeCheck = 0730;
				ORGANIZATIONNAME = "Carrie Taylor";
				TargetAttributes = {
					46BB8FAF1E248D03006ADBEE = {
						CreatedOnToolsVersion = 7.3;
					};
				};
			};
			buildConfigurationList = 46BB8FAB1E248D02006ADBEE /* Build configuration list for PBXProject "HelloWorld" */;
			compatibilityVersion = "Xcode 3.2";
			developmentRegion = English;
			hasScannedForEncodings = 0;
			knownRegions = (
				en,
				Base,
			);
			mainGroup = 46BB8FA71E248D02006ADBEE;
			productRefGroup = 46BB8FB11E248D03006ADBEE /* Products */;
			projectDirPath = "";
			projectRoot = "";
			targets = (
				46BB8FAF1E248D03006ADBEE /* HelloWorld */,
			);
		};
/* End PBXProject section */

/* Begin PBXResourcesBuildPhase section */
		46BB8FAE1E248D03006ADBEE /* Resources */ = {
			isa = PBXResourcesBuildPhase;
			buildActionMask = 2147483647;
			files = (
				46BB8FBE1E248D03006ADBEE /* LaunchScreen.storyboard in Resources */,
				46BB8FBB1E248D03006ADBEE /* Assets.xcassets in Resources */,
				46BB8FB91E248D03006ADBEE /* Main.storyboard in Resources */,
			);
			runOnlyForDeploymentPostprocessing = 0;
		};
/* End PBXResourcesBuildPhase section */

/* Begin PBXSourcesBuildPhase section */
		46BB8FAC1E248D03006ADBEE /* Sources */ = {
			isa = PBXSourcesBuildPhase;
			buildActionMask = 2147483647;
			files = (
				46BB8FB61E248D03006ADBEE /* ViewController.swift in Sources */,
				46BB8FB41E248D03006ADBEE /* AppDelegate.swift in Sources */,
			);
			runOnlyForDeploymentPostprocessing = 0;
		};
/* End PBXSourcesBuildPhase section */

/* Begin PBXVariantGroup section */
		46BB8FB71E248D03006ADBEE /* Main.storyboard */ = {
			isa = PBXVariantGroup;
			children = (
				46BB8FB81E248D03006ADBEE /* Base */,
			);
			name = Main.storyboard;
			sourceTree = "<group>";
		};
		46BB8FBC1E248D03006ADBEE /* LaunchScreen.storyboard */ = {
			isa = PBXVariantGroup;
			children = (
				46BB8FBD1E248D03006ADBEE /* Base */,
			);
			name = LaunchScreen.storyboard;
			sourceTree = "<group>";
		};
/* End PBXVariantGroup section */

/* Begin XCBuildConfiguration section */
		46BB8FC01E248D03006ADBEE /* Debug */ = {
			isa = XCBuildConfiguration;
			buildSettings = {
				ALWAYS_SEARCH_USER_PATHS = NO;
				CLANG_ANALYZER_NONNULL = YES;
				CLANG_CXX_LANGUAGE_STANDARD = "gnu++0x";
				CLANG_CXX_LIBRARY = "libc++";
				CLANG_ENABLE_MODULES = YES;
				CLANG_ENABLE_OBJC_ARC = YES;
				CLANG_WARN_BOOL_CONVERSION = YES;
				CLANG_WARN_CONSTANT_CONVERSION = YES;
				CLANG_WARN_DIRECT_OBJC_ISA_USAGE = YES_ERROR;
				CLANG_WARN_EMPTY_BODY = YES;
				CLANG_WARN_ENUM_CONVERSION = YES;
				CLANG_WARN_INT_CONVERSION = YES;
				CLANG_WARN_OBJC_ROOT_CLASS = YES_ERROR;
				CLANG_WARN_UNREACHABLE_CODE = YES;
				CLANG_WARN__DUPLICATE_METHOD_MATCH = YES;
				"CODE_SIGN_IDENTITY[sdk=iphoneos*]" = "iPhone Developer";
				COPY_PHASE_STRIP = NO;
				DEBUG_INFORMATION_FORMAT = dwarf;
				ENABLE_STRICT_OBJC_MSGSEND = YES;
				ENABLE_TESTABILITY = YES;
				GCC_C_LANGUAGE_STANDARD = gnu99;
				GCC_DYNAMIC_NO_PIC = NO;
				GCC_NO_COMMON_BLOCKS = YES;
				GCC_OPTIMIZATION_LEVEL = 0;
				GCC_PREPROCESSOR_DEFINITIONS = (
					"DEBUG=1",
					"$(inherited)",
				);
				GCC_WARN_64_TO_32_BIT_CONVERSION = YES;
				GCC_WARN_ABOUT_RETURN_TYPE = YES_ERROR;
				GCC_WARN_UNDECLARED_SELECTOR = YES;
				GCC_WARN_UNINITIALIZED_AUTOS = YES_AGGRESSIVE;
				GCC_WARN_UNUSED_FUNCTION = YES;
				GCC_WARN_UNUSED_VARIABLE = YES;
				IPHONEOS_DEPLOYMENT_TARGET = 9.3;
				MTL_ENABLE_DEBUG_INFO = YES;
				ONLY_ACTIVE_ARCH = YES;
				SDKROOT = iphoneos;
				SWIFT_OPTIMIZATION_LEVEL = "-Onone";
			};
			name = Debug;
		};
		46BB8FC11E248D03006ADBEE /* Release */ = {
			isa = XCBuildConfiguration;
			buildSettings = {
				ALWAYS_SEARCH_USER_PATHS = NO;
				CLANG_ANALYZER_NONNULL = YES;
				CLANG_CXX_LANGUAGE_STANDARD = "gnu++0x";
				CLANG_CXX_LIBRARY = "libc++";
				CLANG_ENABLE_MODULES = YES;
				CLANG_ENABLE_OBJC_ARC = YES;
				CLANG_WARN_BOOL_CONVERSION = YES;
				CLANG_WARN_CONSTANT_CONVERSION = YES;
				CLANG_WARN_DIRECT_OBJC_ISA_USAGE = YES_ERROR;
				CLANG_WARN_EMPTY_BODY = YES;
				CLANG_WARN_ENUM_CONVERSION = YES;
				CLANG_WARN_INT_CONVERSION = YES;
				CLANG_WARN_OBJC_ROOT_CLASS = YES_ERROR;
				CLANG_WARN_UNREACHABLE_CODE = YES;
				CLANG_WARN__DUPLICATE_METHOD_MATCH = YES;
				"CODE_SIGN_IDENTITY[sdk=iphoneos*]" = "iPhone Developer";
				COPY_PHASE_STRIP = NO;
				DEBUG_INFORMATION_FORMAT = "dwarf-with-dsym";
				ENABLE_NS_ASSERTIONS = NO;
				ENABLE_STRICT_OBJC_MSGSEND = YES;
				GCC_C_LANGUAGE_STANDARD = gnu99;
				GCC_NO_COMMON_BLOCKS = YES;
				GCC_WARN_64_TO_32_BIT_CONVERSION = YES;
				GCC_WARN_ABOUT_RETURN_TYPE = YES_ERROR;
				GCC_WARN_UNDECLARED_SELECTOR = YES;
				GCC_WARN_UNINITIALIZED_AUTOS = YES_AGGRESSIVE;
				GCC_WARN_UNUSED_FUNCTION = YES;
				GCC_WARN_UNUSED_VARIABLE = YES;
				IPHONEOS_DEPLOYMENT_TARGET = 9.3;
				MTL_ENABLE_DEBUG_INFO = NO;
				SDKROOT = iphoneos;
				VALIDATE_PRODUCT = YES;
			};
			name = Release;
		};
		46BB8FC31E248D03006ADBEE /* Debug */ = {
			isa = XCBuildConfiguration;
			buildSettings = {
				ASSETCATALOG_COMPILER_APPICON_NAME = AppIcon;
				INFOPLIST_FILE = HelloWorld/Info.plist;
				LD_RUNPATH_SEARCH_PATHS = "$(inherited) @executable_path/Frameworks";
				PRODUCT_BUNDLE_IDENTIFIER = com.carrie.HelloWorld;
				PRODUCT_NAME = "$(TARGET_NAME)";
			};
			name = Debug;
		};
		46BB8FC41E248D03006ADBEE /* Release */ = {
			isa = XCBuildConfiguration;
			buildSettings = {
				ASSETCATALOG_COMPILER_APPICON_NAME = AppIcon;
				INFOPLIST_FILE = HelloWorld/Info.plist;
				LD_RUNPATH_SEARCH_PATHS = "$(inherited) @executable_path/Frameworks";
				PRODUCT_BUNDLE_IDENTIFIER = com.carrie.HelloWorld;
				PRODUCT_NAME = "$(TARGET_NAME)";
			};
			name = Release;
		};
/* End XCBuildConfiguration section */

/* Begin XCConfigurationList section */
		46BB8FAB1E248D02006ADBEE /* Build configuration list for PBXProject "HelloWorld" */ = {
			isa = XCConfigurationList;
			buildConfigurations = (
				46BB8FC01E248D03006ADBEE /* Debug */,
				46BB8FC11E248D03006ADBEE /* Release */,
			);
			defaultConfigurationIsVisible = 0;
			defaultConfigurationName = Release;
		};
		46BB8FC21E248D03006ADBEE /* Build configuration list for PBXNativeTarget "HelloWorld" */ = {
			isa = XCConfigurationList;
			buildConfigurations = (
				46BB8FC31E248D03006ADBEE /* Debug */,
				46BB8FC41E248D03006ADBEE /* Release */,
			);
			defaultConfigurationIsVisible = 0;
		};
/* End XCConfigurationList section */
	};
	rootObject = 46BB8FA81E248D02006ADBEE /* Project object */;
}
